dependencies:
- name: mongodb
  repository: https://kubernetes-charts.storage.googleapis.com
  version: 5.3.4
- name: rabbitmq
  repository: https://kubernetes-charts.storage.googleapis.com
  version: 4.2.0
- name: keycloak
  repository: https://codecentric.github.io/helm-charts
  version: 5.1.7
digest: sha256:e3d12898b150509f8a881eca9beb2f512373f0befd0836bb65b2adabd3ab9026
generated: "2019-09-22T16:09:58.683684079+02:00"
